
Microsoft Visual Studio Solution File, Format Version 12.00
# Visual Studio 15
VisualStudioVersion = 15.0.28307.1209
MinimumVisualStudioVersion = 10.0.40219.1
Project("{FAE04EC0-301F-11D3-BF4B-00C04F79EFBC}") = "Server", "Server\Server.csproj", "{F149D38F-03D7-4158-96E4-240952C0F95C}"
EndProject
Project("{FAE04EC0-301F-11D3-BF4B-00C04F79EFBC}") = "Client", "Client\Client.csproj", "{09C0C62A-1445-4979-A948-256ABB67DAFD}"
EndProject
Project("{FAE04EC0-301F-11D3-BF4B-00C04F79EFBC}") = "ClientWindow", "ClientWindow\ClientWindow.csproj", "{F2882BFC-502E-4072-BF30-5D8A5606CBBC}"
EndProject
Global
	GlobalSection(SolutionConfigurationPlatforms) = preSolution
		Debug|Any CPU = Debug|Any CPU
		Release|Any CPU = Release|Any CPU
	EndGlobalSection
	GlobalSection(ProjectConfigurationPlatforms) = postSolution
		{F149D38F-03D7-4158-96E4-240952C0F95C}.Debug|Any CPU.ActiveCfg = Debug|Any CPU
		{F149D38F-03D7-4158-96E4-240952C0F95C}.Debug|Any CPU.Build.0 = Debug|Any CPU
		{F149D38F-03D7-4158-96E4-240952C0F95C}.Release|Any CPU.ActiveCfg = Release|Any CPU
		{F149D38F-03D7-4158-96E4-240952C0F95C}.Release|Any CPU.Build.0 = Release|Any CPU
		{09C0C62A-1445-4979-A948-256ABB67DAFD}.Debug|Any CPU.ActiveCfg = Debug|Any CPU
		{09C0C62A-1445-4979-A948-256ABB67DAFD}.Debug|Any CPU.Build.0 = Debug|Any CPU
		{09C0C62A-1445-4979-A948-256ABB67DAFD}.Release|Any CPU.ActiveCfg = Release|Any CPU
		{09C0C62A-1445-4979-A948-256ABB67DAFD}.Release|Any CPU.Build.0 = Release|Any CPU
		{F2882BFC-502E-4072-BF30-5D8A5606CBBC}.Debug|Any CPU.ActiveCfg = Debug|Any CPU
		{F2882BFC-502E-4072-BF30-5D8A5606CBBC}.Debug|Any CPU.Build.0 = Debug|Any CPU
		{F2882BFC-502E-4072-BF30-5D8A5606CBBC}.Release|Any CPU.ActiveCfg = Release|Any CPU
		{F2882BFC-502E-4072-BF30-5D8A5606CBBC}.Release|Any CPU.Build.0 = Release|Any CPU
	EndGlobalSection
	GlobalSection(SolutionProperties) = preSolution
		HideSolutionNode = FALSE
	EndGlobalSection
	GlobalSection(ExtensibilityGlobals) = postSolution
		SolutionGuid = {F1722DA8-43DE-4924-B90B-55B733EB295F}
	EndGlobalSection
EndGlobal
